
Microsoft Visual Studio Solution File, Format Version 12.00
# Visual Studio Version 16
VisualStudioVersion = 16.0.28803.452
MinimumVisualStudioVersion = 10.0.40219.1
Project("{FAE04EC0-301F-11D3-BF4B-00C04F79EFBC}") = "VideoPoker_Visma", "VideoPoker_Visma.csproj", "{8DCFD898-03DF-4649-9009-84F22AF4BFF8}"
EndProject
Project("{FAE04EC0-301F-11D3-BF4B-00C04F79EFBC}") = "PokerScoreTests", "..\PokerScoreTests\PokerScoreTests.csproj", "{06D48563-7145-47C3-AB62-B5E1502E0F72}"
EndProject
Global
	GlobalSection(SolutionConfigurationPlatforms) = preSolution
		Debug|Any CPU = Debug|Any CPU
		Release|Any CPU = Release|Any CPU
	EndGlobalSection
	GlobalSection(ProjectConfigurationPlatforms) = postSolution
		{8DCFD898-03DF-4649-9009-84F22AF4BFF8}.Debug|Any CPU.ActiveCfg = Debug|Any CPU
		{8DCFD898-03DF-4649-9009-84F22AF4BFF8}.Debug|Any CPU.Build.0 = Debug|Any CPU
		{8DCFD898-03DF-4649-9009-84F22AF4BFF8}.Release|Any CPU.ActiveCfg = Release|Any CPU
		{8DCFD898-03DF-4649-9009-84F22AF4BFF8}.Release|Any CPU.Build.0 = Release|Any CPU
		{06D48563-7145-47C3-AB62-B5E1502E0F72}.Debug|Any CPU.ActiveCfg = Debug|Any CPU
		{06D48563-7145-47C3-AB62-B5E1502E0F72}.Debug|Any CPU.Build.0 = Debug|Any CPU
		{06D48563-7145-47C3-AB62-B5E1502E0F72}.Release|Any CPU.ActiveCfg = Release|Any CPU
		{06D48563-7145-47C3-AB62-B5E1502E0F72}.Release|Any CPU.Build.0 = Release|Any CPU
	EndGlobalSection
	GlobalSection(SolutionProperties) = preSolution
		HideSolutionNode = FALSE
	EndGlobalSection
	GlobalSection(ExtensibilityGlobals) = postSolution
		SolutionGuid = {341B4899-E065-4170-836C-4CB78ADAD216}
	EndGlobalSection
EndGlobal
